
Microsoft Visual Studio Solution File, Format Version 12.00
# Visual Studio Version 17
VisualStudioVersion = 17.11.35312.102
MinimumVisualStudioVersion = 10.0.40219.1
Project("{FAE04EC0-301F-11D3-BF4B-00C04F79EFBC}") = "MyFirstConsoleApp", "MyFirstConsoleApp.csproj", "{8C521FFD-1198-4F15-962F-0939F14DDDF1}"
EndProject
Global
	GlobalSection(SolutionConfigurationPlatforms) = preSolution
		Debug|Any CPU = Debug|Any CPU
		Release|Any CPU = Release|Any CPU
	EndGlobalSection
	GlobalSection(ProjectConfigurationPlatforms) = postSolution
		{8C521FFD-1198-4F15-962F-0939F14DDDF1}.Debug|Any CPU.ActiveCfg = Debug|Any CPU
		{8C521FFD-1198-4F15-962F-0939F14DDDF1}.Debug|Any CPU.Build.0 = Debug|Any CPU
		{8C521FFD-1198-4F15-962F-0939F14DDDF1}.Release|Any CPU.ActiveCfg = Release|Any CPU
		{8C521FFD-1198-4F15-962F-0939F14DDDF1}.Release|Any CPU.Build.0 = Release|Any CPU
	EndGlobalSection
	GlobalSection(SolutionProperties) = preSolution
		HideSolutionNode = FALSE
	EndGlobalSection
	GlobalSection(ExtensibilityGlobals) = postSolution
		SolutionGuid = {8F1EB433-45B0-4A20-A9AD-01557FA69627}
	EndGlobalSection
EndGlobal
