
Microsoft Visual Studio Solution File, Format Version 12.00
# Visual Studio Version 17
VisualStudioVersion = 17.11.35312.102
MinimumVisualStudioVersion = 10.0.40219.1
Project("{FAE04EC0-301F-11D3-BF4B-00C04F79EFBC}") = "BankConsoleApp", "BankConsoleApp.csproj", "{2D892CF9-E15C-4D50-81A4-715997D4A8F2}"
EndProject
Global
	GlobalSection(SolutionConfigurationPlatforms) = preSolution
		Debug|Any CPU = Debug|Any CPU
		Release|Any CPU = Release|Any CPU
	EndGlobalSection
	GlobalSection(ProjectConfigurationPlatforms) = postSolution
		{2D892CF9-E15C-4D50-81A4-715997D4A8F2}.Debug|Any CPU.ActiveCfg = Debug|Any CPU
		{2D892CF9-E15C-4D50-81A4-715997D4A8F2}.Debug|Any CPU.Build.0 = Debug|Any CPU
		{2D892CF9-E15C-4D50-81A4-715997D4A8F2}.Release|Any CPU.ActiveCfg = Release|Any CPU
		{2D892CF9-E15C-4D50-81A4-715997D4A8F2}.Release|Any CPU.Build.0 = Release|Any CPU
	EndGlobalSection
	GlobalSection(SolutionProperties) = preSolution
		HideSolutionNode = FALSE
	EndGlobalSection
	GlobalSection(ExtensibilityGlobals) = postSolution
		SolutionGuid = {2FA53173-3D48-41F8-960C-1F1AE15ED0F6}
	EndGlobalSection
EndGlobal
